
Microsoft Visual Studio Solution File, Format Version 12.00
# Visual Studio Version 17
VisualStudioVersion = 17.0.31919.166
MinimumVisualStudioVersion = 10.0.40219.1
Project("{FAE04EC0-301F-11D3-BF4B-00C04F79EFBC}") = "Day11", "Day11\Day11.csproj", "{C97F77C9-0C7E-433A-9784-CF69EE03D8E7}"
EndProject
Global
	GlobalSection(SolutionConfigurationPlatforms) = preSolution
		Debug|Any CPU = Debug|Any CPU
		Release|Any CPU = Release|Any CPU
	EndGlobalSection
	GlobalSection(ProjectConfigurationPlatforms) = postSolution
		{C97F77C9-0C7E-433A-9784-CF69EE03D8E7}.Debug|Any CPU.ActiveCfg = Debug|Any CPU
		{C97F77C9-0C7E-433A-9784-CF69EE03D8E7}.Debug|Any CPU.Build.0 = Debug|Any CPU
		{C97F77C9-0C7E-433A-9784-CF69EE03D8E7}.Release|Any CPU.ActiveCfg = Release|Any CPU
		{C97F77C9-0C7E-433A-9784-CF69EE03D8E7}.Release|Any CPU.Build.0 = Release|Any CPU
	EndGlobalSection
	GlobalSection(SolutionProperties) = preSolution
		HideSolutionNode = FALSE
	EndGlobalSection
	GlobalSection(ExtensibilityGlobals) = postSolution
		SolutionGuid = {8ED35199-C715-4601-B41D-38C260781B5C}
	EndGlobalSection
EndGlobal
