
Microsoft Visual Studio Solution File, Format Version 12.00
# Visual Studio Version 17
VisualStudioVersion = 17.0.31919.166
MinimumVisualStudioVersion = 10.0.40219.1
Project("{9A19103F-16F7-4668-BE54-9A1E7A4F7556}") = "Day2", "Day2\Day2.csproj", "{FAF6C960-9904-4A79-B8A4-366247950AC0}"
EndProject
Project("{FAE04EC0-301F-11D3-BF4B-00C04F79EFBC}") = "Day2.Tests", "Day2.Tests\Day2.Tests.csproj", "{65D113D3-9061-4A26-BCE4-640722CB1C38}"
EndProject
Global
	GlobalSection(SolutionConfigurationPlatforms) = preSolution
		Debug|Any CPU = Debug|Any CPU
		Release|Any CPU = Release|Any CPU
	EndGlobalSection
	GlobalSection(ProjectConfigurationPlatforms) = postSolution
		{FAF6C960-9904-4A79-B8A4-366247950AC0}.Debug|Any CPU.ActiveCfg = Debug|Any CPU
		{FAF6C960-9904-4A79-B8A4-366247950AC0}.Debug|Any CPU.Build.0 = Debug|Any CPU
		{FAF6C960-9904-4A79-B8A4-366247950AC0}.Release|Any CPU.ActiveCfg = Release|Any CPU
		{FAF6C960-9904-4A79-B8A4-366247950AC0}.Release|Any CPU.Build.0 = Release|Any CPU
		{65D113D3-9061-4A26-BCE4-640722CB1C38}.Debug|Any CPU.ActiveCfg = Debug|Any CPU
		{65D113D3-9061-4A26-BCE4-640722CB1C38}.Debug|Any CPU.Build.0 = Debug|Any CPU
		{65D113D3-9061-4A26-BCE4-640722CB1C38}.Release|Any CPU.ActiveCfg = Release|Any CPU
		{65D113D3-9061-4A26-BCE4-640722CB1C38}.Release|Any CPU.Build.0 = Release|Any CPU
	EndGlobalSection
	GlobalSection(SolutionProperties) = preSolution
		HideSolutionNode = FALSE
	EndGlobalSection
	GlobalSection(ExtensibilityGlobals) = postSolution
		SolutionGuid = {70AE0F0D-BAEB-4AEB-B966-18FB8776ED8F}
	EndGlobalSection
EndGlobal
