
Microsoft Visual Studio Solution File, Format Version 12.00
# Visual Studio Version 17
VisualStudioVersion = 17.0.31919.166
MinimumVisualStudioVersion = 10.0.40219.1
Project("{9A19103F-16F7-4668-BE54-9A1E7A4F7556}") = "Day2", "Day2.csproj", "{F1759719-352A-4749-AD67-89DD53792FAB}"
EndProject
Global
	GlobalSection(SolutionConfigurationPlatforms) = preSolution
		Debug|Any CPU = Debug|Any CPU
		Release|Any CPU = Release|Any CPU
	EndGlobalSection
	GlobalSection(ProjectConfigurationPlatforms) = postSolution
		{F1759719-352A-4749-AD67-89DD53792FAB}.Debug|Any CPU.ActiveCfg = Debug|Any CPU
		{F1759719-352A-4749-AD67-89DD53792FAB}.Debug|Any CPU.Build.0 = Debug|Any CPU
		{F1759719-352A-4749-AD67-89DD53792FAB}.Release|Any CPU.ActiveCfg = Release|Any CPU
		{F1759719-352A-4749-AD67-89DD53792FAB}.Release|Any CPU.Build.0 = Release|Any CPU
	EndGlobalSection
	GlobalSection(SolutionProperties) = preSolution
		HideSolutionNode = FALSE
	EndGlobalSection
	GlobalSection(ExtensibilityGlobals) = postSolution
		SolutionGuid = {58D7BF9F-385D-45A7-83A6-8376DD2296A5}
	EndGlobalSection
EndGlobal
