
Microsoft Visual Studio Solution File, Format Version 12.00
# Visual Studio Version 17
VisualStudioVersion = 17.0.31919.166
MinimumVisualStudioVersion = 10.0.40219.1
Project("{FAE04EC0-301F-11D3-BF4B-00C04F79EFBC}") = "Day5", "Day5\Day5.csproj", "{427FDF4B-B08D-4186-9D8A-38EDFAB088A6}"
EndProject
Project("{FAE04EC0-301F-11D3-BF4B-00C04F79EFBC}") = "Day5.Tests", "Day5.Tests\Day5.Tests.csproj", "{F6079163-B58F-4760-B226-E39CDDCB0F24}"
EndProject
Global
	GlobalSection(SolutionConfigurationPlatforms) = preSolution
		Debug|Any CPU = Debug|Any CPU
		Release|Any CPU = Release|Any CPU
	EndGlobalSection
	GlobalSection(ProjectConfigurationPlatforms) = postSolution
		{427FDF4B-B08D-4186-9D8A-38EDFAB088A6}.Debug|Any CPU.ActiveCfg = Debug|Any CPU
		{427FDF4B-B08D-4186-9D8A-38EDFAB088A6}.Debug|Any CPU.Build.0 = Debug|Any CPU
		{427FDF4B-B08D-4186-9D8A-38EDFAB088A6}.Release|Any CPU.ActiveCfg = Release|Any CPU
		{427FDF4B-B08D-4186-9D8A-38EDFAB088A6}.Release|Any CPU.Build.0 = Release|Any CPU
		{F6079163-B58F-4760-B226-E39CDDCB0F24}.Debug|Any CPU.ActiveCfg = Debug|Any CPU
		{F6079163-B58F-4760-B226-E39CDDCB0F24}.Debug|Any CPU.Build.0 = Debug|Any CPU
		{F6079163-B58F-4760-B226-E39CDDCB0F24}.Release|Any CPU.ActiveCfg = Release|Any CPU
		{F6079163-B58F-4760-B226-E39CDDCB0F24}.Release|Any CPU.Build.0 = Release|Any CPU
	EndGlobalSection
	GlobalSection(SolutionProperties) = preSolution
		HideSolutionNode = FALSE
	EndGlobalSection
	GlobalSection(ExtensibilityGlobals) = postSolution
		SolutionGuid = {548DDBA7-746B-4E9D-98DB-4AF8792C93C6}
	EndGlobalSection
EndGlobal
